{
  "originHash" : "c015a5a09fd2ea565e2dc6fc9490c34a8feaea0add50d12273311757f1fec4d0",
  "pins" : [
    {
      "identity" : "swift-argument-parser",
      "kind" : "remoteSourceControl",
      "location" : "https://github.com/apple/swift-argument-parser",
      "state" : {
        "revision" : "6a52f3251125d74daf04fcbd5e6f08a75d074382",
        "version" : "1.8.2"
      }
    },
    {
      "identity" : "swiftterm",
      "kind" : "remoteSourceControl",
      "location" : "https://github.com/migueldeicaza/SwiftTerm",
      "state" : {
        "revision" : "3917686ea5f5527c5451aaf371bd90bf3618aa71",
        "version" : "1.16.0"
      }
    }
  ],
  "version" : 3
}
